github.com/chillum/dnscache v0.1.1 h1:hJ4iqQXfNtYqrnEg7RhhagOkU384eHHZt60DIuWE6KA=
github.com/chillum/dnscache v0.1.1/go.mod h1:9K+7r/OOFyQpv11gqY9OpHcNQs2TXTr2Al8ItCwU05k=
golang.org/x/sync v0.23.0 h1:KameEIfc1IkluZyXWLn39Wd4tURc6GbCiISGiZm2bQk=
golang.org/x/sync v0.23.0/go.mod h1:sUUOizhqBxiL6pEWpqNLUiaJn1ShEbZ6BBqskPbjZm0=
